PODS:
  - AWSCore (2.27.13)
  - AWSPinpoint (2.27.13):
    - AWSCore (= 2.27.13)
  - google-cast-sdk-no-bluetooth-dynamic-ios (4.4.7):
    - Protobuf (~> 3.0)
  - Kronos (4.2.1)
  - Livery (1.4.1):
    - AWSPinpoint (~> 2.27)
    - google-cast-sdk-no-bluetooth-dynamic-ios (~> 4.4)
    - Kronos (~> 4.2)
    - Sentry (~> 6.2)
  - Protobuf (3.21.5)
  - Sentry (6.2.1):
    - Sentry/Core (= 6.2.1)
  - Sentry/Core (6.2.1)

DEPENDENCIES:
  - Livery (= 1.4.1)

SPEC REPOS:
  https://github.com/CocoaPods/Specs.git:
    - AWSCore
    - AWSPinpoint
    - google-cast-sdk-no-bluetooth-dynamic-ios
    - Kronos
    - Protobuf
    - Sentry
  https://github.com/exmg/livery-sdk-ios-podspec.git:
    - Livery

SPEC CHECKSUMS:
  AWSCore: 05edadb5f3d0b92a50ea8c66b06f1a10477878da
  AWSPinpoint: 8286f5d8bd8de530b63da162a819604980895afb
  google-cast-sdk-no-bluetooth-dynamic-ios: 5764b5bc59e96334d9c10475d682b3bf515cab78
  Kronos: 0ca73a1c00dc9a49a0bab4a6ed42f282562a7058
  Livery: e8d59b0b0b6d2e6a6379adbb0168210e7d582289
  Protobuf: 7504b04fffcf6662ad629694db8231f5e744327f
  Sentry: 9b922b396b0e0bca8516a10e36b0ea3ebea5faf7

PODFILE CHECKSUM: dfc1c89be2a64f500d8fc7b855dbe9cd2d21655d

COCOAPODS: 1.11.3
